
Microsoft Visual Studio Solution File, Format Version 12.00
# Visual Studio Version 17
VisualStudioVersion = 17.0.32126.317
MinimumVisualStudioVersion = 10.0.40219.1
Project("{FAE04EC0-301F-11D3-BF4B-00C04F79EFBC}") = "Interface", "Main\Interface.csproj", "{7D4CBEC7-60B9-4568-8CBA-186206FD0583}"
EndProject
Project("{9A19103F-16F7-4668-BE54-9A1E7A4F7556}") = "Library", "..\..\Lab 10\Lab 10\Library\Library.csproj", "{DFB5FBC7-24C2-4FA5-B9C9-93B094FE4B4D}"
EndProject
Global
	GlobalSection(SolutionConfigurationPlatforms) = preSolution
		Debug|Any CPU = Debug|Any CPU
		Release|Any CPU = Release|Any CPU
	EndGlobalSection
	GlobalSection(ProjectConfigurationPlatforms) = postSolution
		{7D4CBEC7-60B9-4568-8CBA-186206FD0583}.Debug|Any CPU.ActiveCfg = Debug|Any CPU
		{7D4CBEC7-60B9-4568-8CBA-186206FD0583}.Debug|Any CPU.Build.0 = Debug|Any CPU
		{7D4CBEC7-60B9-4568-8CBA-186206FD0583}.Release|Any CPU.ActiveCfg = Release|Any CPU
		{7D4CBEC7-60B9-4568-8CBA-186206FD0583}.Release|Any CPU.Build.0 = Release|Any CPU
		{DFB5FBC7-24C2-4FA5-B9C9-93B094FE4B4D}.Debug|Any CPU.ActiveCfg = Debug|Any CPU
		{DFB5FBC7-24C2-4FA5-B9C9-93B094FE4B4D}.Debug|Any CPU.Build.0 = Debug|Any CPU
		{DFB5FBC7-24C2-4FA5-B9C9-93B094FE4B4D}.Release|Any CPU.ActiveCfg = Release|Any CPU
		{DFB5FBC7-24C2-4FA5-B9C9-93B094FE4B4D}.Release|Any CPU.Build.0 = Release|Any CPU
	EndGlobalSection
	GlobalSection(SolutionProperties) = preSolution
		HideSolutionNode = FALSE
	EndGlobalSection
	GlobalSection(ExtensibilityGlobals) = postSolution
		SolutionGuid = {D3C01851-5E3F-40DD-96E7-7781CD561F44}
	EndGlobalSection
EndGlobal
